// !$*UTF8*$!
{
	archiveVersion = 1;
	classes = {
	};
	objectVersion = 56;
	objects = {

/* Begin PBXBuildFile section */
		5E04113128F038A800F66BF0 /* ColoredDynamicCharts.swift in Sources */ = {isa = PBXBuildFile; fileRef = 5E04113028F038A800F66BF0 /* ColoredDynamicCharts.swift */; };
		5E04113328F039A500F66BF0 /* ChartForegroundStyle.swift in Sources */ = {isa = PBXBuildFile; fileRef = 5E04113228F039A500F66BF0 /* ChartForegroundStyle.swift */; };
		5E04113528F04BA400F66BF0 /* AnnotationExample.swift in Sources */ = {isa = PBXBuildFile; fileRef = 5E04113428F04BA400F66BF0 /* AnnotationExample.swift */; };
		5E04113728F13FC100F66BF0 /* StackedBarChartInSwiftUI.swift in Sources */ = {isa = PBXBuildFile; fileRef = 5E04113628F13FC100F66BF0 /* StackedBarChartInSwiftUI.swift */; };
		5E04113A28F1403400F66BF0 /* SomeData.swift in Sources */ = {isa = PBXBuildFile; fileRef = 5E04113928F1403400F66BF0 /* SomeData.swift */; };
		5E04113C28F1409E00F66BF0 /* SomeDataSource.swift in Sources */ = {isa = PBXBuildFile; fileRef = 5E04113B28F1409E00F66BF0 /* SomeDataSource.swift */; };
		5E04113E28F1410400F66BF0 /* SomeDataModel.swift in Sources */ = {isa = PBXBuildFile; fileRef = 5E04113D28F1410400F66BF0 /* SomeDataModel.swift */; };
		5E04114128F161D300F66BF0 /* MultiSeriesBarChartInSwiftUI.swift in Sources */ = {isa = PBXBuildFile; fileRef = 5E04114028F161D300F66BF0 /* MultiSeriesBarChartInSwiftUI.swift */; };
		5E04114628F297B500F66BF0 /* LineChartInSwiftUI.swift in Sources */ = {isa = PBXBuildFile; fileRef = 5E04114528F297B500F66BF0 /* LineChartInSwiftUI.swift */; };
		5E04114828F29A7C00F66BF0 /* StylingLineChartInSwiftUI.swift in Sources */ = {isa = PBXBuildFile; fileRef = 5E04114728F29A7C00F66BF0 /* StylingLineChartInSwiftUI.swift */; };
		5E04114A28F29DA600F66BF0 /* LineChartInterpolationInSwiftUI.swift in Sources */ = {isa = PBXBuildFile; fileRef = 5E04114928F29DA600F66BF0 /* LineChartInterpolationInSwiftUI.swift */; };
		5E04114C28F2A08A00F66BF0 /* LineChartAnnotationInSwiftUI.swift in Sources */ = {isa = PBXBuildFile; fileRef = 5E04114B28F2A08A00F66BF0 /* LineChartAnnotationInSwiftUI.swift */; };
		5E04114E28F2A25C00F66BF0 /* LineChartSymbolInSwiftUI.swift in Sources */ = {isa = PBXBuildFile; fileRef = 5E04114D28F2A25C00F66BF0 /* LineChartSymbolInSwiftUI.swift */; };
		5E04115128F3EC2E00F66BF0 /* MultiSeriesLineChartInSwiftUI.swift in Sources */ = {isa = PBXBuildFile; fileRef = 5E04115028F3EC2E00F66BF0 /* MultiSeriesLineChartInSwiftUI.swift */; };
		5E04115328F3EE5500F66BF0 /* MultiSeriesLineChartStylingInSwiftUI.swift in Sources */ = {isa = PBXBuildFile; fileRef = 5E04115228F3EE5500F66BF0 /* MultiSeriesLineChartStylingInSwiftUI.swift */; };
		5E04115628F539F700F66BF0 /* AreaChartInSwiftUI.swift in Sources */ = {isa = PBXBuildFile; fileRef = 5E04115528F539F700F66BF0 /* AreaChartInSwiftUI.swift */; };
		5E04115828F53B1700F66BF0 /* AreaChartStylingInSwiftUI.swift in Sources */ = {isa = PBXBuildFile; fileRef = 5E04115728F53B1700F66BF0 /* AreaChartStylingInSwiftUI.swift */; };
		5E04115A28F53C2B00F66BF0 /* MultiSeriesAreaChartInSwiftUI.swift in Sources */ = {isa = PBXBuildFile; fileRef = 5E04115928F53C2B00F66BF0 /* MultiSeriesAreaChartInSwiftUI.swift */; };
		5E04115C28F53C4600F66BF0 /* Food.swift in Sources */ = {isa = PBXBuildFile; fileRef = 5E04115B28F53C4600F66BF0 /* Food.swift */; };
		5E04115E28F6AAA900F66BF0 /* CandleStickChartUsingRectangleMark.swift in Sources */ = {isa = PBXBuildFile; fileRef = 5E04115D28F6AAA900F66BF0 /* CandleStickChartUsingRectangleMark.swift */; };
		5E04116028F6AB0000F66BF0 /* Stock.swift in Sources */ = {isa = PBXBuildFile; fileRef = 5E04115F28F6AB0000F66BF0 /* Stock.swift */; };
		5E7DF86528EFEB6600044425 /* Workout.swift in Sources */ = {isa = PBXBuildFile; fileRef = 5E7DF86428EFEB6600044425 /* Workout.swift */; };
		5E7DF86728EFEC2E00044425 /* DynamicChartExample.swift in Sources */ = {isa = PBXBuildFile; fileRef = 5E7DF86628EFEC2E00044425 /* DynamicChartExample.swift */; };
		5ED1E80828EF12090016A369 /* ChartsInSwiftUIApp.swift in Sources */ = {isa = PBXBuildFile; fileRef = 5ED1E80728EF12090016A369 /* ChartsInSwiftUIApp.swift */; };
		5ED1E80A28EF12090016A369 /* ContentView.swift in Sources */ = {isa = PBXBuildFile; fileRef = 5ED1E80928EF12090016A369 /* ContentView.swift */; };
		5ED1E80C28EF120A0016A369 /* Assets.xcassets in Resources */ = {isa = PBXBuildFile; fileRef = 5ED1E80B28EF120A0016A369 /* Assets.xcassets */; };
		5ED1E80F28EF120A0016A369 /* Preview Assets.xcassets in Resources */ = {isa = PBXBuildFile; fileRef = 5ED1E80E28EF120A0016A369 /* Preview Assets.xcassets */; };
		5ED1E81728EF12520016A369 /* ChartsIntro.swift in Sources */ = {isa = PBXBuildFile; fileRef = 5ED1E81628EF12510016A369 /* ChartsIntro.swift */; };
		5ED1E81928EF16D80016A369 /* SimpleHorizontal.swift in Sources */ = {isa = PBXBuildFile; fileRef = 5ED1E81828EF16D80016A369 /* SimpleHorizontal.swift */; };
		5ED51E4228F81FF800D427B3 /* CombineChartAreaAndLineMark.swift in Sources */ = {isa = PBXBuildFile; fileRef = 5ED51E4128F81FF800D427B3 /* CombineChartAreaAndLineMark.swift */; };
		5ED51E4528F85DA500D427B3 /* RangeAreaMarkChartInSwiftUI.swift in Sources */ = {isa = PBXBuildFile; fileRef = 5ED51E4428F85DA500D427B3 /* RangeAreaMarkChartInSwiftUI.swift */; };
		5ED51E4728F85DB600D427B3 /* Weather.swift in Sources */ = {isa = PBXBuildFile; fileRef = 5ED51E4628F85DB600D427B3 /* Weather.swift */; };
		5ED51E4928F862E900D427B3 /* RangeAreaChartWithBarkMark.swift in Sources */ = {isa = PBXBuildFile; fileRef = 5ED51E4828F862E900D427B3 /* RangeAreaChartWithBarkMark.swift */; };
		5ED51E4C28F866CA00D427B3 /* LegendCustomizationInSwiftUI.swift in Sources */ = {isa = PBXBuildFile; fileRef = 5ED51E4B28F866CA00D427B3 /* LegendCustomizationInSwiftUI.swift */; };
		5ED51E4E28F8698A00D427B3 /* ChartPlotAreaCustomization.swift in Sources */ = {isa = PBXBuildFile; fileRef = 5ED51E4D28F8698A00D427B3 /* ChartPlotAreaCustomization.swift */; };
/* End PBXBuildFile section */

/* Begin PBXFileReference section */
		5E04113028F038A800F66BF0 /* ColoredDynamicCharts.swift */ = {isa = PBXFileReference; lastKnownFileType = sourcecode.swift; path = ColoredDynamicCharts.swift; sourceTree = "<group>"; };
		5E04113228F039A500F66BF0 /* ChartForegroundStyle.swift */ = {isa = PBXFileReference; lastKnownFileType = sourcecode.swift; path = ChartForegroundStyle.swift; sourceTree = "<group>"; };
		5E04113428F04BA400F66BF0 /* AnnotationExample.swift */ = {isa = PBXFileReference; lastKnownFileType = sourcecode.swift; path = AnnotationExample.swift; sourceTree = "<group>"; };
		5E04113628F13FC100F66BF0 /* StackedBarChartInSwiftUI.swift */ = {isa = PBXFileReference; lastKnownFileType = sourcecode.swift; path = StackedBarChartInSwiftUI.swift; sourceTree = "<group>"; };
		5E04113928F1403400F66BF0 /* SomeData.swift */ = {isa = PBXFileReference; lastKnownFileType = sourcecode.swift; path = SomeData.swift; sourceTree = "<group>"; };
		5E04113B28F1409E00F66BF0 /* SomeDataSource.swift */ = {isa = PBXFileReference; lastKnownFileType = sourcecode.swift; path = SomeDataSource.swift; sourceTree = "<group>"; };
		5E04113D28F1410400F66BF0 /* SomeDataModel.swift */ = {isa = PBXFileReference; lastKnownFileType = sourcecode.swift; path = SomeDataModel.swift; sourceTree = "<group>"; };
		5E04114028F161D300F66BF0 /* MultiSeriesBarChartInSwiftUI.swift */ = {isa = PBXFileReference; lastKnownFileType = sourcecode.swift; path = MultiSeriesBarChartInSwiftUI.swift; sourceTree = "<group>"; };
		5E04114528F297B500F66BF0 /* LineChartInSwiftUI.swift */ = {isa = PBXFileReference; lastKnownFileType = sourcecode.swift; path = LineChartInSwiftUI.swift; sourceTree = "<group>"; };
		5E04114728F29A7C00F66BF0 /* StylingLineChartInSwiftUI.swift */ = {isa = PBXFileReference; lastKnownFileType = sourcecode.swift; path = StylingLineChartInSwiftUI.swift; sourceTree = "<group>"; };
		5E04114928F29DA600F66BF0 /* LineChartInterpolationInSwiftUI.swift */ = {isa = PBXFileReference; lastKnownFileType = sourcecode.swift; path = LineChartInterpolationInSwiftUI.swift; sourceTree = "<group>"; };
		5E04114B28F2A08A00F66BF0 /* LineChartAnnotationInSwiftUI.swift */ = {isa = PBXFileReference; lastKnownFileType = sourcecode.swift; path = LineChartAnnotationInSwiftUI.swift; sourceTree = "<group>"; };
		5E04114D28F2A25C00F66BF0 /* LineChartSymbolInSwiftUI.swift */ = {isa = PBXFileReference; lastKnownFileType = sourcecode.swift; path = LineChartSymbolInSwiftUI.swift; sourceTree = "<group>"; };
		5E04115028F3EC2E00F66BF0 /* MultiSeriesLineChartInSwiftUI.swift */ = {isa = PBXFileReference; lastKnownFileType = sourcecode.swift; path = MultiSeriesLineChartInSwiftUI.swift; sourceTree = "<group>"; };
		5E04115228F3EE5500F66BF0 /* MultiSeriesLineChartStylingInSwiftUI.swift */ = {isa = PBXFileReference; lastKnownFileType = sourcecode.swift; path = MultiSeriesLineChartStylingInSwiftUI.swift; sourceTree = "<group>"; };
		5E04115528F539F700F66BF0 /* AreaChartInSwiftUI.swift */ = {isa = PBXFileReference; lastKnownFileType = sourcecode.swift; path = AreaChartInSwiftUI.swift; sourceTree = "<group>"; };
		5E04115728F53B1700F66BF0 /* AreaChartStylingInSwiftUI.swift */ = {isa = PBXFileReference; lastKnownFileType = sourcecode.swift; path = AreaChartStylingInSwiftUI.swift; sourceTree = "<group>"; };
		5E04115928F53C2B00F66BF0 /* MultiSeriesAreaChartInSwiftUI.swift */ = {isa = PBXFileReference; lastKnownFileType = sourcecode.swift; path = MultiSeriesAreaChartInSwiftUI.swift; sourceTree = "<group>"; };
		5E04115B28F53C4600F66BF0 /* Food.swift */ = {isa = PBXFileReference; lastKnownFileType = sourcecode.swift; path = Food.swift; sourceTree = "<group>"; };
		5E04115D28F6AAA900F66BF0 /* CandleStickChartUsingRectangleMark.swift */ = {isa = PBXFileReference; lastKnownFileType = sourcecode.swift; path = CandleStickChartUsingRectangleMark.swift; sourceTree = "<group>"; };
		5E04115F28F6AB0000F66BF0 /* Stock.swift */ = {isa = PBXFileReference; lastKnownFileType = sourcecode.swift; path = Stock.swift; sourceTree = "<group>"; };
		5E7DF86428EFEB6600044425 /* Workout.swift */ = {isa = PBXFileReference; lastKnownFileType = sourcecode.swift; path = Workout.swift; sourceTree = "<group>"; };
		5E7DF86628EFEC2E00044425 /* DynamicChartExample.swift */ = {isa = PBXFileReference; lastKnownFileType = sourcecode.swift; path = DynamicChartExample.swift; sourceTree = "<group>"; };
		5ED1E80428EF12090016A369 /* ChartsInSwiftUI.app */ = {isa = PBXFileReference; explicitFileType = wrapper.application; includeInIndex = 0; path = ChartsInSwiftUI.app; sourceTree = BUILT_PRODUCTS_DIR; };
		5ED1E80728EF12090016A369 /* ChartsInSwiftUIApp.swift */ = {isa = PBXFileReference; lastKnownFileType = sourcecode.swift; path = ChartsInSwiftUIApp.swift; sourceTree = "<group>"; };
		5ED1E80928EF12090016A369 /* ContentView.swift */ = {isa = PBXFileReference; lastKnownFileType = sourcecode.swift; path = ContentView.swift; sourceTree = "<group>"; };
		5ED1E80B28EF120A0016A369 /* Assets.xcassets */ = {isa = PBXFileReference; lastKnownFileType = folder.assetcatalog; path = Assets.xcassets; sourceTree = "<group>"; };
		5ED1E80E28EF120A0016A369 /* Preview Assets.xcassets */ = {isa = PBXFileReference; lastKnownFileType = folder.assetcatalog; path = "Preview Assets.xcassets"; sourceTree = "<group>"; };
		5ED1E81628EF12510016A369 /* ChartsIntro.swift */ = {isa = PBXFileReference; lastKnownFileType = sourcecode.swift; path = ChartsIntro.swift; sourceTree = "<group>"; };
		5ED1E81828EF16D80016A369 /* SimpleHorizontal.swift */ = {isa = PBXFileReference; lastKnownFileType = sourcecode.swift; path = SimpleHorizontal.swift; sourceTree = "<group>"; };
		5ED51E4128F81FF800D427B3 /* CombineChartAreaAndLineMark.swift */ = {isa = PBXFileReference; lastKnownFileType = sourcecode.swift; path = CombineChartAreaAndLineMark.swift; sourceTree = "<group>"; };
		5ED51E4428F85DA500D427B3 /* RangeAreaMarkChartInSwiftUI.swift */ = {isa = PBXFileReference; lastKnownFileType = sourcecode.swift; path = RangeAreaMarkChartInSwiftUI.swift; sourceTree = "<group>"; };
		5ED51E4628F85DB600D427B3 /* Weather.swift */ = {isa = PBXFileReference; lastKnownFileType = sourcecode.swift; path = Weather.swift; sourceTree = "<group>"; };
		5ED51E4828F862E900D427B3 /* RangeAreaChartWithBarkMark.swift */ = {isa = PBXFileReference; lastKnownFileType = sourcecode.swift; path = RangeAreaChartWithBarkMark.swift; sourceTree = "<group>"; };
		5ED51E4B28F866CA00D427B3 /* LegendCustomizationInSwiftUI.swift */ = {isa = PBXFileReference; lastKnownFileType = sourcecode.swift; path = LegendCustomizationInSwiftUI.swift; sourceTree = "<group>"; };
		5ED51E4D28F8698A00D427B3 /* ChartPlotAreaCustomization.swift */ = {isa = PBXFileReference; lastKnownFileType = sourcecode.swift; path = ChartPlotAreaCustomization.swift; sourceTree = "<group>"; };
/* End PBXFileReference section */

/* Begin PBXFrameworksBuildPhase section */
		5ED1E80128EF12090016A369 /* Frameworks */ = {
			isa = PBXFrameworksBuildPhase;
			buildActionMask = 2147483647;
			files = (
			);
			runOnlyForDeploymentPostprocessing = 0;
		};
/* End PBXFrameworksBuildPhase section */

/* Begin PBXGroup section */
		5E04113828F1400200F66BF0 /* StackedBarCharts */ = {
			isa = PBXGroup;
			children = (
				5E04113628F13FC100F66BF0 /* StackedBarChartInSwiftUI.swift */,
				5E04113928F1403400F66BF0 /* SomeData.swift */,
				5E04113B28F1409E00F66BF0 /* SomeDataSource.swift */,
				5E04113D28F1410400F66BF0 /* SomeDataModel.swift */,
			);
			path = StackedBarCharts;
			sourceTree = "<group>";
		};
		5E04113F28F161B500F66BF0 /* MultiSeries */ = {
			isa = PBXGroup;
			children = (
				5E04114028F161D300F66BF0 /* MultiSeriesBarChartInSwiftUI.swift */,
			);
			path = MultiSeries;
			sourceTree = "<group>";
		};
		5E04114428F2979700F66BF0 /* LineChartInSwiftUI */ = {
			isa = PBXGroup;
			children = (
				5E04114528F297B500F66BF0 /* LineChartInSwiftUI.swift */,
				5E04114728F29A7C00F66BF0 /* StylingLineChartInSwiftUI.swift */,
				5E04114928F29DA600F66BF0 /* LineChartInterpolationInSwiftUI.swift */,
				5E04114B28F2A08A00F66BF0 /* LineChartAnnotationInSwiftUI.swift */,
				5E04114D28F2A25C00F66BF0 /* LineChartSymbolInSwiftUI.swift */,
			);
			path = LineChartInSwiftUI;
			sourceTree = "<group>";
		};
		5E04114F28F3EBFF00F66BF0 /* MultiSeriesLineChart */ = {
			isa = PBXGroup;
			children = (
				5E04115028F3EC2E00F66BF0 /* MultiSeriesLineChartInSwiftUI.swift */,
				5E04115228F3EE5500F66BF0 /* MultiSeriesLineChartStylingInSwiftUI.swift */,
			);
			path = MultiSeriesLineChart;
			sourceTree = "<group>";
		};
		5E04115428F539D100F66BF0 /* AreaCharts */ = {
			isa = PBXGroup;
			children = (
				5E04115528F539F700F66BF0 /* AreaChartInSwiftUI.swift */,
				5E04115728F53B1700F66BF0 /* AreaChartStylingInSwiftUI.swift */,
				5E04115928F53C2B00F66BF0 /* MultiSeriesAreaChartInSwiftUI.swift */,
				5E04115B28F53C4600F66BF0 /* Food.swift */,
			);
			path = AreaCharts;
			sourceTree = "<group>";
		};
		5E04116228F6ACFE00F66BF0 /* CandleStickChart */ = {
			isa = PBXGroup;
			children = (
				5E04115D28F6AAA900F66BF0 /* CandleStickChartUsingRectangleMark.swift */,
				5E04115F28F6AB0000F66BF0 /* Stock.swift */,
			);
			path = CandleStickChart;
			sourceTree = "<group>";
		};
		5ED1E7FB28EF12090016A369 = {
			isa = PBXGroup;
			children = (
				5ED1E80628EF12090016A369 /* ChartsInSwiftUI */,
				5ED1E80528EF12090016A369 /* Products */,
			);
			sourceTree = "<group>";
		};
		5ED1E80528EF12090016A369 /* Products */ = {
			isa = PBXGroup;
			children = (
				5ED1E80428EF12090016A369 /* ChartsInSwiftUI.app */,
			);
			name = Products;
			sourceTree = "<group>";
		};
		5ED1E80628EF12090016A369 /* ChartsInSwiftUI */ = {
			isa = PBXGroup;
			children = (
				5ED51E4A28F866AE00D427B3 /* LegendCustomization */,
				5ED51E4328F85D7D00D427B3 /* RangeAreaMarkChart */,
				5ED51E4028F81FD300D427B3 /* CombineChart */,
				5E04116228F6ACFE00F66BF0 /* CandleStickChart */,
				5E04115428F539D100F66BF0 /* AreaCharts */,
				5E04114F28F3EBFF00F66BF0 /* MultiSeriesLineChart */,
				5E04114428F2979700F66BF0 /* LineChartInSwiftUI */,
				5E04113F28F161B500F66BF0 /* MultiSeries */,
				5E04113828F1400200F66BF0 /* StackedBarCharts */,
				5ED1E81528EF122F0016A369 /* GettingStarted */,
				5ED1E80728EF12090016A369 /* ChartsInSwiftUIApp.swift */,
				5ED1E80928EF12090016A369 /* ContentView.swift */,
				5ED1E80B28EF120A0016A369 /* Assets.xcassets */,
				5ED1E80D28EF120A0016A369 /* Preview Content */,
				5E7DF86428EFEB6600044425 /* Workout.swift */,
			);
			path = ChartsInSwiftUI;
			sourceTree = "<group>";
		};
		5ED1E80D28EF120A0016A369 /* Preview Content */ = {
			isa = PBXGroup;
			children = (
				5ED1E80E28EF120A0016A369 /* Preview Assets.xcassets */,
			);
			path = "Preview Content";
			sourceTree = "<group>";
		};
		5ED1E81528EF122F0016A369 /* GettingStarted */ = {
			isa = PBXGroup;
			children = (
				5ED1E81628EF12510016A369 /* ChartsIntro.swift */,
				5ED1E81828EF16D80016A369 /* SimpleHorizontal.swift */,
				5E7DF86628EFEC2E00044425 /* DynamicChartExample.swift */,
				5E04113028F038A800F66BF0 /* ColoredDynamicCharts.swift */,
				5E04113228F039A500F66BF0 /* ChartForegroundStyle.swift */,
				5E04113428F04BA400F66BF0 /* AnnotationExample.swift */,
			);
			path = GettingStarted;
			sourceTree = "<group>";
		};
		5ED51E4028F81FD300D427B3 /* CombineChart */ = {
			isa = PBXGroup;
			children = (
				5ED51E4128F81FF800D427B3 /* CombineChartAreaAndLineMark.swift */,
			);
			path = CombineChart;
			sourceTree = "<group>";
		};
		5ED51E4328F85D7D00D427B3 /* RangeAreaMarkChart */ = {
			isa = PBXGroup;
			children = (
				5ED51E4428F85DA500D427B3 /* RangeAreaMarkChartInSwiftUI.swift */,
				5ED51E4628F85DB600D427B3 /* Weather.swift */,
				5ED51E4828F862E900D427B3 /* RangeAreaChartWithBarkMark.swift */,
			);
			path = RangeAreaMarkChart;
			sourceTree = "<group>";
		};
		5ED51E4A28F866AE00D427B3 /* LegendCustomization */ = {
			isa = PBXGroup;
			children = (
				5ED51E4B28F866CA00D427B3 /* LegendCustomizationInSwiftUI.swift */,
				5ED51E4D28F8698A00D427B3 /* ChartPlotAreaCustomization.swift */,
			);
			path = LegendCustomization;
			sourceTree = "<group>";
		};
/* End PBXGroup section */

/* Begin PBXNativeTarget section */
		5ED1E80328EF12090016A369 /* ChartsInSwiftUI */ = {
			isa = PBXNativeTarget;
			buildConfigurationList = 5ED1E81228EF120A0016A369 /* Build configuration list for PBXNativeTarget "ChartsInSwiftUI" */;
			buildPhases = (
				5ED1E80028EF12090016A369 /* Sources */,
				5ED1E80128EF12090016A369 /* Frameworks */,
				5ED1E80228EF12090016A369 /* Resources */,
			);
			buildRules = (
			);
			dependencies = (
			);
			name = ChartsInSwiftUI;
			productName = ChartsInSwiftUI;
			productReference = 5ED1E80428EF12090016A369 /* ChartsInSwiftUI.app */;
			productType = "com.apple.product-type.application";
		};
/* End PBXNativeTarget section */

/* Begin PBXProject section */
		5ED1E7FC28EF12090016A369 /* Project object */ = {
			isa = PBXProject;
			attributes = {
				BuildIndependentTargetsInParallel = 1;
				LastSwiftUpdateCheck = 1400;
				LastUpgradeCheck = 1400;
				TargetAttributes = {
					5ED1E80328EF12090016A369 = {
						CreatedOnToolsVersion = 14.0.1;
					};
				};
			};
			buildConfigurationList = 5ED1E7FF28EF12090016A369 /* Build configuration list for PBXProject "ChartsInSwiftUI" */;
			compatibilityVersion = "Xcode 14.0";
			developmentRegion = en;
			hasScannedForEncodings = 0;
			knownRegions = (
				en,
				Base,
			);
			mainGroup = 5ED1E7FB28EF12090016A369;
			productRefGroup = 5ED1E80528EF12090016A369 /* Products */;
			projectDirPath = "";
			projectRoot = "";
			targets = (
				5ED1E80328EF12090016A369 /* ChartsInSwiftUI */,
			);
		};
/* End PBXProject section */

/* Begin PBXResourcesBuildPhase section */
		5ED1E80228EF12090016A369 /* Resources */ = {
			isa = PBXResourcesBuildPhase;
			buildActionMask = 2147483647;
			files = (
				5ED1E80F28EF120A0016A369 /* Preview Assets.xcassets in Resources */,
				5ED1E80C28EF120A0016A369 /* Assets.xcassets in Resources */,
			);
			runOnlyForDeploymentPostprocessing = 0;
		};
/* End PBXResourcesBuildPhase section */

/* Begin PBXSourcesBuildPhase section */
		5ED1E80028EF12090016A369 /* Sources */ = {
			isa = PBXSourcesBuildPhase;
			buildActionMask = 2147483647;
			files = (
				5E04114828F29A7C00F66BF0 /* StylingLineChartInSwiftUI.swift in Sources */,
				5E04113E28F1410400F66BF0 /* SomeDataModel.swift in Sources */,
				5E04115628F539F700F66BF0 /* AreaChartInSwiftUI.swift in Sources */,
				5ED51E4C28F866CA00D427B3 /* LegendCustomizationInSwiftUI.swift in Sources */,
				5ED1E81728EF12520016A369 /* ChartsIntro.swift in Sources */,
				5ED51E4728F85DB600D427B3 /* Weather.swift in Sources */,
				5E04113528F04BA400F66BF0 /* AnnotationExample.swift in Sources */,
				5ED51E4528F85DA500D427B3 /* RangeAreaMarkChartInSwiftUI.swift in Sources */,
				5E04115128F3EC2E00F66BF0 /* MultiSeriesLineChartInSwiftUI.swift in Sources */,
				5E04115E28F6AAA900F66BF0 /* CandleStickChartUsingRectangleMark.swift in Sources */,
				5E04114A28F29DA600F66BF0 /* LineChartInterpolationInSwiftUI.swift in Sources */,
				5ED51E4E28F8698A00D427B3 /* ChartPlotAreaCustomization.swift in Sources */,
				5E04116028F6AB0000F66BF0 /* Stock.swift in Sources */,
				5E04115C28F53C4600F66BF0 /* Food.swift in Sources */,
				5E04113C28F1409E00F66BF0 /* SomeDataSource.swift in Sources */,
				5E04115328F3EE5500F66BF0 /* MultiSeriesLineChartStylingInSwiftUI.swift in Sources */,
				5E04115828F53B1700F66BF0 /* AreaChartStylingInSwiftUI.swift in Sources */,
				5E04114628F297B500F66BF0 /* LineChartInSwiftUI.swift in Sources */,
				5ED1E81928EF16D80016A369 /* SimpleHorizontal.swift in Sources */,
				5ED1E80A28EF12090016A369 /* ContentView.swift in Sources */,
				5E04114128F161D300F66BF0 /* MultiSeriesBarChartInSwiftUI.swift in Sources */,
				5E04113328F039A500F66BF0 /* ChartForegroundStyle.swift in Sources */,
				5E7DF86728EFEC2E00044425 /* DynamicChartExample.swift in Sources */,
				5ED51E4928F862E900D427B3 /* RangeAreaChartWithBarkMark.swift in Sources */,
				5E04113A28F1403400F66BF0 /* SomeData.swift in Sources */,
				5E04115A28F53C2B00F66BF0 /* MultiSeriesAreaChartInSwiftUI.swift in Sources */,
				5E7DF86528EFEB6600044425 /* Workout.swift in Sources */,
				5E04113728F13FC100F66BF0 /* StackedBarChartInSwiftUI.swift in Sources */,
				5E04113128F038A800F66BF0 /* ColoredDynamicCharts.swift in Sources */,
				5E04114C28F2A08A00F66BF0 /* LineChartAnnotationInSwiftUI.swift in Sources */,
				5ED1E80828EF12090016A369 /* ChartsInSwiftUIApp.swift in Sources */,
				5ED51E4228F81FF800D427B3 /* CombineChartAreaAndLineMark.swift in Sources */,
				5E04114E28F2A25C00F66BF0 /* LineChartSymbolInSwiftUI.swift in Sources */,
			);
			runOnlyForDeploymentPostprocessing = 0;
		};
/* End PBXSourcesBuildPhase section */

/* Begin XCBuildConfiguration section */
		5ED1E81028EF120A0016A369 /* Debug */ = {
			isa = XCBuildConfiguration;
			buildSettings = {
				ALWAYS_SEARCH_USER_PATHS = NO;
				CLANG_ANALYZER_NONNULL = YES;
				CLANG_ANALYZER_NUMBER_OBJECT_CONVERSION = YES_AGGRESSIVE;
				CLANG_CXX_LANGUAGE_STANDARD = "gnu++20";
				CLANG_ENABLE_MODULES = YES;
				CLANG_ENABLE_OBJC_ARC = YES;
				CLANG_ENABLE_OBJC_WEAK = YES;
				CLANG_WARN_BLOCK_CAPTURE_AUTORELEASING = YES;
				CLANG_WARN_BOOL_CONVERSION = YES;
				CLANG_WARN_COMMA = YES;
				CLANG_WARN_CONSTANT_CONVERSION = YES;
				CLANG_WARN_DEPRECATED_OBJC_IMPLEMENTATIONS = YES;
				CLANG_WARN_DIRECT_OBJC_ISA_USAGE = YES_ERROR;
				CLANG_WARN_DOCUMENTATION_COMMENTS = YES;
				CLANG_WARN_EMPTY_BODY = YES;
				CLANG_WARN_ENUM_CONVERSION = YES;
				CLANG_WARN_INFINITE_RECURSION = YES;
				CLANG_WARN_INT_CONVERSION = YES;
				CLANG_WARN_NON_LITERAL_NULL_CONVERSION = YES;
				CLANG_WARN_OBJC_IMPLICIT_RETAIN_SELF = YES;
				CLANG_WARN_OBJC_LITERAL_CONVERSION = YES;
				CLANG_WARN_OBJC_ROOT_CLASS = YES_ERROR;
				CLANG_WARN_QUOTED_INCLUDE_IN_FRAMEWORK_HEADER = YES;
				CLANG_WARN_RANGE_LOOP_ANALYSIS = YES;
				CLANG_WARN_STRICT_PROTOTYPES = YES;
				CLANG_WARN_SUSPICIOUS_MOVE = YES;
				CLANG_WARN_UNGUARDED_AVAILABILITY = YES_AGGRESSIVE;
				CLANG_WARN_UNREACHABLE_CODE = YES;
				CLANG_WARN__DUPLICATE_METHOD_MATCH = YES;
				COPY_PHASE_STRIP = NO;
				DEBUG_INFORMATION_FORMAT = dwarf;
				ENABLE_STRICT_OBJC_MSGSEND = YES;
				ENABLE_TESTABILITY = YES;
				GCC_C_LANGUAGE_STANDARD = gnu11;
				GCC_DYNAMIC_NO_PIC = NO;
				GCC_NO_COMMON_BLOCKS = YES;
				GCC_OPTIMIZATION_LEVEL = 0;
				GCC_PREPROCESSOR_DEFINITIONS = (
					"DEBUG=1",
					"$(inherited)",
				);
				GCC_WARN_64_TO_32_BIT_CONVERSION = YES;
				GCC_WARN_ABOUT_RETURN_TYPE = YES_ERROR;
				GCC_WARN_UNDECLARED_SELECTOR = YES;
				GCC_WARN_UNINITIALIZED_AUTOS = YES_AGGRESSIVE;
				GCC_WARN_UNUSED_FUNCTION = YES;
				GCC_WARN_UNUSED_VARIABLE = YES;
				IPHONEOS_DEPLOYMENT_TARGET = 16.0;
				MTL_ENABLE_DEBUG_INFO = INCLUDE_SOURCE;
				MTL_FAST_MATH = YES;
				ONLY_ACTIVE_ARCH = YES;
				SDKROOT = iphoneos;
				SWIFT_ACTIVE_COMPILATION_CONDITIONS = DEBUG;
				SWIFT_OPTIMIZATION_LEVEL = "-Onone";
			};
			name = Debug;
		};
		5ED1E81128EF120A0016A369 /* Release */ = {
			isa = XCBuildConfiguration;
			buildSettings = {
				ALWAYS_SEARCH_USER_PATHS = NO;
				CLANG_ANALYZER_NONNULL = YES;
				CLANG_ANALYZER_NUMBER_OBJECT_CONVERSION = YES_AGGRESSIVE;
				CLANG_CXX_LANGUAGE_STANDARD = "gnu++20";
				CLANG_ENABLE_MODULES = YES;
				CLANG_ENABLE_OBJC_ARC = YES;
				CLANG_ENABLE_OBJC_WEAK = YES;
				CLANG_WARN_BLOCK_CAPTURE_AUTORELEASING = YES;
				CLANG_WARN_BOOL_CONVERSION = YES;
				CLANG_WARN_COMMA = YES;
				CLANG_WARN_CONSTANT_CONVERSION = YES;
				CLANG_WARN_DEPRECATED_OBJC_IMPLEMENTATIONS = YES;
				CLANG_WARN_DIRECT_OBJC_ISA_USAGE = YES_ERROR;
				CLANG_WARN_DOCUMENTATION_COMMENTS = YES;
				CLANG_WARN_EMPTY_BODY = YES;
				CLANG_WARN_ENUM_CONVERSION = YES;
				CLANG_WARN_INFINITE_RECURSION = YES;
				CLANG_WARN_INT_CONVERSION = YES;
				CLANG_WARN_NON_LITERAL_NULL_CONVERSION = YES;
				CLANG_WARN_OBJC_IMPLICIT_RETAIN_SELF = YES;
				CLANG_WARN_OBJC_LITERAL_CONVERSION = YES;
				CLANG_WARN_OBJC_ROOT_CLASS = YES_ERROR;
				CLANG_WARN_QUOTED_INCLUDE_IN_FRAMEWORK_HEADER = YES;
				CLANG_WARN_RANGE_LOOP_ANALYSIS = YES;
				CLANG_WARN_STRICT_PROTOTYPES = YES;
				CLANG_WARN_SUSPICIOUS_MOVE = YES;
				CLANG_WARN_UNGUARDED_AVAILABILITY = YES_AGGRESSIVE;
				CLANG_WARN_UNREACHABLE_CODE = YES;
				CLANG_WARN__DUPLICATE_METHOD_MATCH = YES;
				COPY_PHASE_STRIP = NO;
				DEBUG_INFORMATION_FORMAT = "dwarf-with-dsym";
				ENABLE_NS_ASSERTIONS = NO;
				ENABLE_STRICT_OBJC_MSGSEND = YES;
				GCC_C_LANGUAGE_STANDARD = gnu11;
				GCC_NO_COMMON_BLOCKS = YES;
				GCC_WARN_64_TO_32_BIT_CONVERSION = YES;
				GCC_WARN_ABOUT_RETURN_TYPE = YES_ERROR;
				GCC_WARN_UNDECLARED_SELECTOR = YES;
				GCC_WARN_UNINITIALIZED_AUTOS = YES_AGGRESSIVE;
				GCC_WARN_UNUSED_FUNCTION = YES;
				GCC_WARN_UNUSED_VARIABLE = YES;
				IPHONEOS_DEPLOYMENT_TARGET = 16.0;
				MTL_ENABLE_DEBUG_INFO = NO;
				MTL_FAST_MATH = YES;
				SDKROOT = iphoneos;
				SWIFT_COMPILATION_MODE = wholemodule;
				SWIFT_OPTIMIZATION_LEVEL = "-O";
				VALIDATE_PRODUCT = YES;
			};
			name = Release;
		};
		5ED1E81328EF120A0016A369 /* Debug */ = {
			isa = XCBuildConfiguration;
			buildSettings = {
				ASSETCATALOG_COMPILER_APPICON_NAME = AppIcon;
				ASSETCATALOG_COMPILER_GLOBAL_ACCENT_COLOR_NAME = AccentColor;
				CODE_SIGN_STYLE = Automatic;
				CURRENT_PROJECT_VERSION = 1;
				DEVELOPMENT_ASSET_PATHS = "\"ChartsInSwiftUI/Preview Content\"";
				DEVELOPMENT_TEAM = L8W86DZDY2;
				ENABLE_PREVIEWS = YES;
				GENERATE_INFOPLIST_FILE = YES;
				INFOPLIST_KEY_UIApplicationSceneManifest_Generation = YES;
				INFOPLIST_KEY_UIApplicationSupportsIndirectInputEvents = YES;
				INFOPLIST_KEY_UILaunchScreen_Generation = YES;
				INFOPLIST_KEY_UISupportedInterfaceOrientations_iPad = "UIInterfaceOrientationPortrait UIInterfaceOrientationPortraitUpsideDown UIInterfaceOrientationLandscapeLeft UIInterfaceOrientationLandscapeRight";
				INFOPLIST_KEY_UISupportedInterfaceOrientations_iPhone = "UIInterfaceOrientationPortrait UIInterfaceOrientationLandscapeLeft UIInterfaceOrientationLandscapeRight";
				LD_RUNPATH_SEARCH_PATHS = (
					"$(inherited)",
					"@executable_path/Frameworks",
				);
				MARKETING_VERSION = 1.0;
				PRODUCT_BUNDLE_IDENTIFIER = com.ri.ChartsInSwiftUI;
				PRODUCT_NAME = "$(TARGET_NAME)";
				SWIFT_EMIT_LOC_STRINGS = YES;
				SWIFT_VERSION = 5.0;
				TARGETED_DEVICE_FAMILY = "1,2";
			};
			name = Debug;
		};
		5ED1E81428EF120A0016A369 /* Release */ = {
			isa = XCBuildConfiguration;
			buildSettings = {
				ASSETCATALOG_COMPILER_APPICON_NAME = AppIcon;
				ASSETCATALOG_COMPILER_GLOBAL_ACCENT_COLOR_NAME = AccentColor;
				CODE_SIGN_STYLE = Automatic;
				CURRENT_PROJECT_VERSION = 1;
				DEVELOPMENT_ASSET_PATHS = "\"ChartsInSwiftUI/Preview Content\"";
				DEVELOPMENT_TEAM = L8W86DZDY2;
				ENABLE_PREVIEWS = YES;
				GENERATE_INFOPLIST_FILE = YES;
				INFOPLIST_KEY_UIApplicationSceneManifest_Generation = YES;
				INFOPLIST_KEY_UIApplicationSupportsIndirectInputEvents = YES;
				INFOPLIST_KEY_UILaunchScreen_Generation = YES;
				INFOPLIST_KEY_UISupportedInterfaceOrientations_iPad = "UIInterfaceOrientationPortrait UIInterfaceOrientationPortraitUpsideDown UIInterfaceOrientationLandscapeLeft UIInterfaceOrientationLandscapeRight";
				INFOPLIST_KEY_UISupportedInterfaceOrientations_iPhone = "UIInterfaceOrientationPortrait UIInterfaceOrientationLandscapeLeft UIInterfaceOrientationLandscapeRight";
				LD_RUNPATH_SEARCH_PATHS = (
					"$(inherited)",
					"@executable_path/Frameworks",
				);
				MARKETING_VERSION = 1.0;
				PRODUCT_BUNDLE_IDENTIFIER = com.ri.ChartsInSwiftUI;
				PRODUCT_NAME = "$(TARGET_NAME)";
				SWIFT_EMIT_LOC_STRINGS = YES;
				SWIFT_VERSION = 5.0;
				TARGETED_DEVICE_FAMILY = "1,2";
			};
			name = Release;
		};
/* End XCBuildConfiguration section */

/* Begin XCConfigurationList section */
		5ED1E7FF28EF12090016A369 /* Build configuration list for PBXProject "ChartsInSwiftUI" */ = {
			isa = XCConfigurationList;
			buildConfigurations = (
				5ED1E81028EF120A0016A369 /* Debug */,
				5ED1E81128EF120A0016A369 /* Release */,
			);
			defaultConfigurationIsVisible = 0;
			defaultConfigurationName = Release;
		};
		5ED1E81228EF120A0016A369 /* Build configuration list for PBXNativeTarget "ChartsInSwiftUI" */ = {
			isa = XCConfigurationList;
			buildConfigurations = (
				5ED1E81328EF120A0016A369 /* Debug */,
				5ED1E81428EF120A0016A369 /* Release */,
			);
			defaultConfigurationIsVisible = 0;
			defaultConfigurationName = Release;
		};
/* End XCConfigurationList section */
	};
	rootObject = 5ED1E7FC28EF12090016A369 /* Project object */;
}
